// !$*UTF8*$!
{
	archiveVersion = 1;
	classes = {
	};
	objectVersion = 52;
	objects = {

/* Begin PBXBuildFile section */
		D06C9C4225F7B01300354820 /* FileProviderExtension.swift in Sources */ = {isa = PBXBuildFile; fileRef = D06C9C4125F7B01300354820 /* FileProviderExtension.swift */; };
		D06C9C4425F7B01300354820 /* FileProviderItem.swift in Sources */ = {isa = PBXBuildFile; fileRef = D06C9C4325F7B01300354820 /* FileProviderItem.swift */; };
		D06C9C4625F7B01300354820 /* FileProviderEnumerator.swift in Sources */ = {isa = PBXBuildFile; fileRef = D06C9C4525F7B01300354820 /* FileProviderEnumerator.swift */; };
		D06C9C4B25F7B01300354820 /* ItslearningFileProvider.appex in Embed App Extensions */ = {isa = PBXBuildFile; fileRef = D06C9C3F25F7B01300354820 /* ItslearningFileProvider.appex */; settings = {ATTRIBUTES = (RemoveHeadersOnCopy, ); }; };
		DA0266AE2715A2FF004DF9DB /* SSOResponse.swift in Sources */ = {isa = PBXBuildFile; fileRef = DA0266AC2715A2FC004DF9DB /* SSOResponse.swift */; };
		DA0266AF2715A2FF004DF9DB /* SSOResponse.swift in Sources */ = {isa = PBXBuildFile; fileRef = DA0266AC2715A2FC004DF9DB /* SSOResponse.swift */; };
		DA0266B12715A4FE004DF9DB /* AuthHandler+REST.swift in Sources */ = {isa = PBXBuildFile; fileRef = DA0266B02715A4FE004DF9DB /* AuthHandler+REST.swift */; };
		DA0266B22715A4FE004DF9DB /* AuthHandler+REST.swift in Sources */ = {isa = PBXBuildFile; fileRef = DA0266B02715A4FE004DF9DB /* AuthHandler+REST.swift */; };
		DA0266B82715F3B2004DF9DB /* Fileprovider.xcassets in Resources */ = {isa = PBXBuildFile; fileRef = DA0266B72715F3B2004DF9DB /* Fileprovider.xcassets */; };
		DA3674D6270B00FC003F39E6 /* ItslearningAPI.swift in Sources */ = {isa = PBXBuildFile; fileRef = DA6B03EA26EBF97800B46E1D /* ItslearningAPI.swift */; };
		DA3674D7270B00FC003F39E6 /* ItslearningAPI.swift in Sources */ = {isa = PBXBuildFile; fileRef = DA6B03EA26EBF97800B46E1D /* ItslearningAPI.swift */; };
		DA47B04E278E678900C720D3 /* Console.swift in Sources */ = {isa = PBXBuildFile; fileRef = DA47B04D278E678900C720D3 /* Console.swift */; };
		DA47B050278E67CF00C720D3 /* LoggerModel.swift in Sources */ = {isa = PBXBuildFile; fileRef = DA47B04F278E67CF00C720D3 /* LoggerModel.swift */; };
		DA47B055278F137D00C720D3 /* NetworkLogger.swift in Sources */ = {isa = PBXBuildFile; fileRef = DA47B054278F137D00C720D3 /* NetworkLogger.swift */; };
		DA47B056278F137D00C720D3 /* NetworkLogger.swift in Sources */ = {isa = PBXBuildFile; fileRef = DA47B054278F137D00C720D3 /* NetworkLogger.swift */; };
		DA47B0582790E00F00C720D3 /* SwiftSoup in Frameworks */ = {isa = PBXBuildFile; productRef = DA47B0572790E00F00C720D3 /* SwiftSoup */; };
		DA47B05A2790E01500C720D3 /* SwiftSoup in Frameworks */ = {isa = PBXBuildFile; productRef = DA47B0592790E01500C720D3 /* SwiftSoup */; };
		DA5455D4271F9BBA00A40CE0 /* Assets.xcassets in Resources */ = {isa = PBXBuildFile; fileRef = D06C9C2F25F7AFD400354820 /* Assets.xcassets */; };
		DA5455D7271F9BFE00A40CE0 /* Main.storyboard in Resources */ = {isa = PBXBuildFile; fileRef = D06C9C3125F7AFD400354820 /* Main.storyboard */; };
		DA6B03BE26E957C400B46E1D /* ContentView.swift in Sources */ = {isa = PBXBuildFile; fileRef = DA6B03BD26E957C400B46E1D /* ContentView.swift */; };
		DA6B03F326EC133000B46E1D /* Defaults.swift in Sources */ = {isa = PBXBuildFile; fileRef = DA6B03EB26EBF97800B46E1D /* Defaults.swift */; };
		DA6B03F426EC133100B46E1D /* Defaults.swift in Sources */ = {isa = PBXBuildFile; fileRef = DA6B03EB26EBF97800B46E1D /* Defaults.swift */; };
		DA6B03FA26EC1EB500B46E1D /* Alamofire in Frameworks */ = {isa = PBXBuildFile; productRef = DA6B03F926EC1EB500B46E1D /* Alamofire */; };
		DA6EFDC226F3F4FB00AEFCFA /* Login.swift in Sources */ = {isa = PBXBuildFile; fileRef = DA6EFDC126F3F4FB00AEFCFA /* Login.swift */; };
		DA75743B270DC009002CADAF /* FileProviderCourseItem.swift in Sources */ = {isa = PBXBuildFile; fileRef = DA75743A270DC009002CADAF /* FileProviderCourseItem.swift */; };
		DA75743D270DC01A002CADAF /* FileProviderResourceItem.swift in Sources */ = {isa = PBXBuildFile; fileRef = DA75743C270DC01A002CADAF /* FileProviderResourceItem.swift */; };
		DA7D1548271F7BCA00947AB5 /* Main.swift in Sources */ = {isa = PBXBuildFile; fileRef = DA7D1547271F7BCA00947AB5 /* Main.swift */; };
		DA7D154B271F7C4300947AB5 /* FileProviderComm.swift in Sources */ = {isa = PBXBuildFile; fileRef = DA7D154A271F7C4300947AB5 /* FileProviderComm.swift */; };
		DA7D154D271F7C6D00947AB5 /* FullScreenModel.swift in Sources */ = {isa = PBXBuildFile; fileRef = DA7D154C271F7C6D00947AB5 /* FullScreenModel.swift */; };
		DAAB787927488CD600E7997C /* ItemID.swift in Sources */ = {isa = PBXBuildFile; fileRef = DAAB787727488CCE00E7997C /* ItemID.swift */; };
		DAAB787A27488CD600E7997C /* ItemID.swift in Sources */ = {isa = PBXBuildFile; fileRef = DAAB787727488CCE00E7997C /* ItemID.swift */; };
		DAAB787D274A889B00E7997C /* Errors.swift in Sources */ = {isa = PBXBuildFile; fileRef = DAAB787B274A888B00E7997C /* Errors.swift */; };
		DAAB787E274A889B00E7997C /* Errors.swift in Sources */ = {isa = PBXBuildFile; fileRef = DAAB787B274A888B00E7997C /* Errors.swift */; };
		DABBCF6B2707B16C005E9DDA /* ElementType.swift in Sources */ = {isa = PBXBuildFile; fileRef = DA5A9B9926FFAA3700B25514 /* ElementType.swift */; };
		DABBCF6D2707B16C005E9DDA /* CourseFolderDetails.swift in Sources */ = {isa = PBXBuildFile; fileRef = DABBCF672707AEC1005E9DDA /* CourseFolderDetails.swift */; };
		DABBCF6E2707B16C005E9DDA /* PersonCourse.swift in Sources */ = {isa = PBXBuildFile; fileRef = DA5A9B9526FFA84F00B25514 /* PersonCourse.swift */; };
		DABBCF6F2707B16C005E9DDA /* CourseResource.swift in Sources */ = {isa = PBXBuildFile; fileRef = DA5A9B9726FFA9B000B25514 /* CourseResource.swift */; };
		DABBCF702707B16C005E9DDA /* EntityListOfPersonCourse.swift in Sources */ = {isa = PBXBuildFile; fileRef = DABBCF652707ADE2005E9DDA /* EntityListOfPersonCourse.swift */; };
		DABBCF712707B804005E9DDA /* ElementType.swift in Sources */ = {isa = PBXBuildFile; fileRef = DA5A9B9926FFAA3700B25514 /* ElementType.swift */; };
		DABBCF722707B804005E9DDA /* CourseFolderDetails.swift in Sources */ = {isa = PBXBuildFile; fileRef = DABBCF672707AEC1005E9DDA /* CourseFolderDetails.swift */; };
		DABBCF732707B804005E9DDA /* EntityListOfPersonCourse.swift in Sources */ = {isa = PBXBuildFile; fileRef = DABBCF652707ADE2005E9DDA /* EntityListOfPersonCourse.swift */; };
		DABBCF752707B804005E9DDA /* CourseResource.swift in Sources */ = {isa = PBXBuildFile; fileRef = DA5A9B9726FFA9B000B25514 /* CourseResource.swift */; };
		DABBCF762707B804005E9DDA /* PersonCourse.swift in Sources */ = {isa = PBXBuildFile; fileRef = DA5A9B9526FFA84F00B25514 /* PersonCourse.swift */; };
		DAC6507626EF8E160029E2B1 /* OAuth2RetryHandler.swift in Sources */ = {isa = PBXBuildFile; fileRef = DAC6507526EF8E160029E2B1 /* OAuth2RetryHandler.swift */; };
		DAC6507C26EF9AAE0029E2B1 /* Alamofire in Frameworks */ = {isa = PBXBuildFile; productRef = DAC6507B26EF9AAE0029E2B1 /* Alamofire */; };
		DAE1BC9126F1093600DE8470 /* OAuth2 in Frameworks */ = {isa = PBXBuildFile; productRef = DAE1BC9026F1093600DE8470 /* OAuth2 */; };
		DAE1BC9326F1094200DE8470 /* OAuth2 in Frameworks */ = {isa = PBXBuildFile; productRef = DAE1BC9226F1094200DE8470 /* OAuth2 */; };
		DAE1BC9926F10AF100DE8470 /* AuthHandler.swift in Sources */ = {isa = PBXBuildFile; fileRef = DAE1BC9726F10ACF00DE8470 /* AuthHandler.swift */; };
		DAE1BC9A26F10AF100DE8470 /* AuthHandler.swift in Sources */ = {isa = PBXBuildFile; fileRef = DAE1BC9726F10ACF00DE8470 /* AuthHandler.swift */; };
		DAE1BC9C26F10DDC00DE8470 /* AuthToken.swift in Sources */ = {isa = PBXBuildFile; fileRef = DAE1BC9B26F10DDC00DE8470 /* AuthToken.swift */; };
		DAE1BC9D26F10DDC00DE8470 /* AuthToken.swift in Sources */ = {isa = PBXBuildFile; fileRef = DAE1BC9B26F10DDC00DE8470 /* AuthToken.swift */; };
		DAE1BC9E26F114E200DE8470 /* OAuth2RetryHandler.swift in Sources */ = {isa = PBXBuildFile; fileRef = DAC6507526EF8E160029E2B1 /* OAuth2RetryHandler.swift */; };
		DAF1B8C026F29333007BCDE2 /* Home.swift in Sources */ = {isa = PBXBuildFile; fileRef = DAF1B8BF26F29333007BCDE2 /* Home.swift */; };
		DAF1B8C226F29389007BCDE2 /* Controls.swift in Sources */ = {isa = PBXBuildFile; fileRef = DAF1B8C126F29389007BCDE2 /* Controls.swift */; };
		DAF1B8C426F293CE007BCDE2 /* Settings.swift in Sources */ = {isa = PBXBuildFile; fileRef = DAF1B8C326F293CE007BCDE2 /* Settings.swift */; };
		DAF38E592728BD8E00192923 /* AppDelegate.swift in Sources */ = {isa = PBXBuildFile; fileRef = DAF38E582728BD8E00192923 /* AppDelegate.swift */; };
		DAF98B96278E525C0071DA53 /* Logging.swift in Sources */ = {isa = PBXBuildFile; fileRef = DAF98B94278E50520071DA53 /* Logging.swift */; };
		DAF98B97278E525D0071DA53 /* Logging.swift in Sources */ = {isa = PBXBuildFile; fileRef = DAF98B94278E50520071DA53 /* Logging.swift */; };
/* End PBXBuildFile section */

/* Begin PBXContainerItemProxy section */
		D06C9C4925F7B01300354820 /* PBXContainerItemProxy */ = {
			isa = PBXContainerItemProxy;
			containerPortal = D06C9C2025F7AFD200354820 /* Project object */;
			proxyType = 1;
			remoteGlobalIDString = D06C9C3E25F7B01300354820;
			remoteInfo = SomeProvider;
		};
/* End PBXContainerItemProxy section */

/* Begin PBXCopyFilesBuildPhase section */
		D06C9C4F25F7B01300354820 /* Embed App Extensions */ = {
			isa = PBXCopyFilesBuildPhase;
			buildActionMask = 2147483647;
			dstPath = "";
			dstSubfolderSpec = 13;
			files = (
				D06C9C4B25F7B01300354820 /* ItslearningFileProvider.appex in Embed App Extensions */,
			);
			name = "Embed App Extensions";
			runOnlyForDeploymentPostprocessing = 0;
		};
		DA6B03E226EBF91D00B46E1D /* Embed Frameworks */ = {
			isa = PBXCopyFilesBuildPhase;
			buildActionMask = 2147483647;
			dstPath = "";
			dstSubfolderSpec = 10;
			files = (
			);
			name = "Embed Frameworks";
			runOnlyForDeploymentPostprocessing = 0;
		};
		DA6B03F226EBF99100B46E1D /* Embed Frameworks */ = {
			isa = PBXCopyFilesBuildPhase;
			buildActionMask = 2147483647;
			dstPath = "";
			dstSubfolderSpec = 6;
			files = (
			);
			name = "Embed Frameworks";
			runOnlyForDeploymentPostprocessing = 0;
		};
/* End PBXCopyFilesBuildPhase section */

/* Begin PBXFileReference section */
		D06C9C2825F7AFD200354820 /* Itslearning.app */ = {isa = PBXFileReference; explicitFileType = wrapper.application; includeInIndex = 0; path = Itslearning.app; sourceTree = BUILT_PRODUCTS_DIR; };
		D06C9C2F25F7AFD400354820 /* Assets.xcassets */ = {isa = PBXFileReference; lastKnownFileType = folder.assetcatalog; path = Assets.xcassets; sourceTree = "<group>"; };
		D06C9C3225F7AFD400354820 /* Base */ = {isa = PBXFileReference; lastKnownFileType = file.storyboard; name = Base; path = Base.lproj/Main.storyboard; sourceTree = "<group>"; };
		D06C9C3425F7AFD400354820 /* Info.plist */ = {isa = PBXFileReference; lastKnownFileType = text.plist.xml; path = Info.plist; sourceTree = "<group>"; };
		D06C9C3525F7AFD400354820 /* Itslearning.entitlements */ = {isa = PBXFileReference; lastKnownFileType = text.plist.entitlements; path = Itslearning.entitlements; sourceTree = "<group>"; };
		D06C9C3F25F7B01300354820 /* ItslearningFileProvider.appex */ = {isa = PBXFileReference; explicitFileType = "wrapper.app-extension"; includeInIndex = 0; path = ItslearningFileProvider.appex; sourceTree = BUILT_PRODUCTS_DIR; };
		D06C9C4125F7B01300354820 /* FileProviderExtension.swift */ = {isa = PBXFileReference; lastKnownFileType = sourcecode.swift; path = FileProviderExtension.swift; sourceTree = "<group>"; };
		D06C9C4325F7B01300354820 /* FileProviderItem.swift */ = {isa = PBXFileReference; lastKnownFileType = sourcecode.swift; path = FileProviderItem.swift; sourceTree = "<group>"; };
		D06C9C4525F7B01300354820 /* FileProviderEnumerator.swift */ = {isa = PBXFileReference; lastKnownFileType = sourcecode.swift; path = FileProviderEnumerator.swift; sourceTree = "<group>"; };
		D06C9C4725F7B01300354820 /* Info.plist */ = {isa = PBXFileReference; lastKnownFileType = text.plist.xml; path = Info.plist; sourceTree = "<group>"; };
		D06C9C4825F7B01300354820 /* ItslearningFileProvider.entitlements */ = {isa = PBXFileReference; lastKnownFileType = text.plist.entitlements; path = ItslearningFileProvider.entitlements; sourceTree = "<group>"; };
		D0FA53CF26300F1700C32328 /* README.md */ = {isa = PBXFileReference; fileEncoding = 4; lastKnownFileType = net.daringfireball.markdown; path = README.md; sourceTree = "<group>"; };
		DA0266AC2715A2FC004DF9DB /* SSOResponse.swift */ = {isa = PBXFileReference; lastKnownFileType = sourcecode.swift; path = SSOResponse.swift; sourceTree = "<group>"; };
		DA0266B02715A4FE004DF9DB /* AuthHandler+REST.swift */ = {isa = PBXFileReference; lastKnownFileType = sourcecode.swift; path = "AuthHandler+REST.swift"; sourceTree = "<group>"; };
		DA0266B72715F3B2004DF9DB /* Fileprovider.xcassets */ = {isa = PBXFileReference; lastKnownFileType = folder.assetcatalog; path = Fileprovider.xcassets; sourceTree = "<group>"; };
		DA47B04D278E678900C720D3 /* Console.swift */ = {isa = PBXFileReference; lastKnownFileType = sourcecode.swift; path = Console.swift; sourceTree = "<group>"; };
		DA47B04F278E67CF00C720D3 /* LoggerModel.swift */ = {isa = PBXFileReference; lastKnownFileType = sourcecode.swift; path = LoggerModel.swift; sourceTree = "<group>"; };
		DA47B054278F137D00C720D3 /* NetworkLogger.swift */ = {isa = PBXFileReference; lastKnownFileType = sourcecode.swift; path = NetworkLogger.swift; sourceTree = "<group>"; };
		DA5A9B9526FFA84F00B25514 /* PersonCourse.swift */ = {isa = PBXFileReference; lastKnownFileType = sourcecode.swift; path = PersonCourse.swift; sourceTree = "<group>"; };
		DA5A9B9726FFA9B000B25514 /* CourseResource.swift */ = {isa = PBXFileReference; lastKnownFileType = sourcecode.swift; path = CourseResource.swift; sourceTree = "<group>"; };
		DA5A9B9926FFAA3700B25514 /* ElementType.swift */ = {isa = PBXFileReference; lastKnownFileType = sourcecode.swift; path = ElementType.swift; sourceTree = "<group>"; };
		DA6B03BD26E957C400B46E1D /* ContentView.swift */ = {isa = PBXFileReference; lastKnownFileType = sourcecode.swift; path = ContentView.swift; sourceTree = "<group>"; };
		DA6B03DB26EBF91D00B46E1D /* ItslearningAPI.h */ = {isa = PBXFileReference; lastKnownFileType = sourcecode.c.h; path = ItslearningAPI.h; sourceTree = "<group>"; };
		DA6B03DC26EBF91D00B46E1D /* Info.plist */ = {isa = PBXFileReference; lastKnownFileType = text.plist.xml; path = Info.plist; sourceTree = "<group>"; };
		DA6B03EA26EBF97800B46E1D /* ItslearningAPI.swift */ = {isa = PBXFileReference; fileEncoding = 4; lastKnownFileType = sourcecode.swift; path = ItslearningAPI.swift; sourceTree = "<group>"; };
		DA6B03EB26EBF97800B46E1D /* Defaults.swift */ = {isa = PBXFileReference; fileEncoding = 4; lastKnownFileType = sourcecode.swift; path = Defaults.swift; sourceTree = "<group>"; };
		DA6EFDC126F3F4FB00AEFCFA /* Login.swift */ = {isa = PBXFileReference; lastKnownFileType = sourcecode.swift; path = Login.swift; sourceTree = "<group>"; };
		DA75743A270DC009002CADAF /* FileProviderCourseItem.swift */ = {isa = PBXFileReference; lastKnownFileType = sourcecode.swift; path = FileProviderCourseItem.swift; sourceTree = "<group>"; };
		DA75743C270DC01A002CADAF /* FileProviderResourceItem.swift */ = {isa = PBXFileReference; lastKnownFileType = sourcecode.swift; path = FileProviderResourceItem.swift; sourceTree = "<group>"; };
		DA7D1547271F7BCA00947AB5 /* Main.swift */ = {isa = PBXFileReference; lastKnownFileType = sourcecode.swift; path = Main.swift; sourceTree = "<group>"; };
		DA7D154A271F7C4300947AB5 /* FileProviderComm.swift */ = {isa = PBXFileReference; lastKnownFileType = sourcecode.swift; path = FileProviderComm.swift; sourceTree = "<group>"; };
		DA7D154C271F7C6D00947AB5 /* FullScreenModel.swift */ = {isa = PBXFileReference; lastKnownFileType = sourcecode.swift; path = FullScreenModel.swift; sourceTree = "<group>"; };
		DA7D154E271F875000947AB5 /* AppKit.framework */ = {isa = PBXFileReference; lastKnownFileType = wrapper.framework; name = AppKit.framework; path = System/Library/Frameworks/AppKit.framework; sourceTree = SDKROOT; };
		DAAB787727488CCE00E7997C /* ItemID.swift */ = {isa = PBXFileReference; lastKnownFileType = sourcecode.swift; path = ItemID.swift; sourceTree = "<group>"; };
		DAAB787B274A888B00E7997C /* Errors.swift */ = {isa = PBXFileReference; lastKnownFileType = sourcecode.swift; path = Errors.swift; sourceTree = "<group>"; };
		DABBCF652707ADE2005E9DDA /* EntityListOfPersonCourse.swift */ = {isa = PBXFileReference; lastKnownFileType = sourcecode.swift; path = EntityListOfPersonCourse.swift; sourceTree = "<group>"; };
		DABBCF672707AEC1005E9DDA /* CourseFolderDetails.swift */ = {isa = PBXFileReference; lastKnownFileType = sourcecode.swift; path = CourseFolderDetails.swift; sourceTree = "<group>"; };
		DAC6507526EF8E160029E2B1 /* OAuth2RetryHandler.swift */ = {isa = PBXFileReference; lastKnownFileType = sourcecode.swift; path = OAuth2RetryHandler.swift; sourceTree = "<group>"; };
		DAE1BC9726F10ACF00DE8470 /* AuthHandler.swift */ = {isa = PBXFileReference; lastKnownFileType = sourcecode.swift; path = AuthHandler.swift; sourceTree = "<group>"; };
		DAE1BC9B26F10DDC00DE8470 /* AuthToken.swift */ = {isa = PBXFileReference; lastKnownFileType = sourcecode.swift; path = AuthToken.swift; sourceTree = "<group>"; };
		DAF1B8BF26F29333007BCDE2 /* Home.swift */ = {isa = PBXFileReference; lastKnownFileType = sourcecode.swift; path = Home.swift; sourceTree = "<group>"; };
		DAF1B8C126F29389007BCDE2 /* Controls.swift */ = {isa = PBXFileReference; lastKnownFileType = sourcecode.swift; path = Controls.swift; sourceTree = "<group>"; };
		DAF1B8C326F293CE007BCDE2 /* Settings.swift */ = {isa = PBXFileReference; lastKnownFileType = sourcecode.swift; path = Settings.swift; sourceTree = "<group>"; };
		DAF38E582728BD8E00192923 /* AppDelegate.swift */ = {isa = PBXFileReference; fileEncoding = 4; lastKnownFileType = sourcecode.swift; path = AppDelegate.swift; sourceTree = "<group>"; };
		DAF98B94278E50520071DA53 /* Logging.swift */ = {isa = PBXFileReference; lastKnownFileType = sourcecode.swift; path = Logging.swift; sourceTree = "<group>"; };
/* End PBXFileReference section */

/* Begin PBXFrameworksBuildPhase section */
		D06C9C2525F7AFD200354820 /* Frameworks */ = {
			isa = PBXFrameworksBuildPhase;
			buildActionMask = 2147483647;
			files = (
				DAE1BC9126F1093600DE8470 /* OAuth2 in Frameworks */,
				DA6B03FA26EC1EB500B46E1D /* Alamofire in Frameworks */,
				DA47B0582790E00F00C720D3 /* SwiftSoup in Frameworks */,
			);
			runOnlyForDeploymentPostprocessing = 0;
		};
		D06C9C3C25F7B01300354820 /* Frameworks */ = {
			isa = PBXFrameworksBuildPhase;
			buildActionMask = 2147483647;
			files = (
				DAE1BC9326F1094200DE8470 /* OAuth2 in Frameworks */,
				DAC6507C26EF9AAE0029E2B1 /* Alamofire in Frameworks */,
				DA47B05A2790E01500C720D3 /* SwiftSoup in Frameworks */,
			);
			runOnlyForDeploymentPostprocessing = 0;
		};
/* End PBXFrameworksBuildPhase section */

/* Begin PBXGroup section */
		D06C9C1F25F7AFD200354820 = {
			isa = PBXGroup;
			children = (
				D0FA53CF26300F1700C32328 /* README.md */,
				D06C9C2A25F7AFD200354820 /* Itslearning */,
				D06C9C4025F7B01300354820 /* ItslearningFileProvider */,
				DA6B03DA26EBF91D00B46E1D /* ItslearningAPI */,
				D06C9C2925F7AFD200354820 /* Products */,
				DA6B03CF26E962C400B46E1D /* Frameworks */,
			);
			sourceTree = "<group>";
		};
		D06C9C2925F7AFD200354820 /* Products */ = {
			isa = PBXGroup;
			children = (
				D06C9C2825F7AFD200354820 /* Itslearning.app */,
				D06C9C3F25F7B01300354820 /* ItslearningFileProvider.appex */,
			);
			name = Products;
			sourceTree = "<group>";
		};
		D06C9C2A25F7AFD200354820 /* Itslearning */ = {
			isa = PBXGroup;
			children = (
				DA7D1549271F7C3500947AB5 /* Models */,
				DAF1B8BE26F29320007BCDE2 /* Screens */,
				DAF38E582728BD8E00192923 /* AppDelegate.swift */,
				DA6B03BD26E957C400B46E1D /* ContentView.swift */,
				D06C9C2F25F7AFD400354820 /* Assets.xcassets */,
				D06C9C3125F7AFD400354820 /* Main.storyboard */,
				D06C9C3425F7AFD400354820 /* Info.plist */,
				D06C9C3525F7AFD400354820 /* Itslearning.entitlements */,
			);
			path = Itslearning;
			sourceTree = "<group>";
		};
		D06C9C4025F7B01300354820 /* ItslearningFileProvider */ = {
			isa = PBXGroup;
			children = (
				D06C9C4125F7B01300354820 /* FileProviderExtension.swift */,
				D06C9C4325F7B01300354820 /* FileProviderItem.swift */,
				D06C9C4525F7B01300354820 /* FileProviderEnumerator.swift */,
				D06C9C4725F7B01300354820 /* Info.plist */,
				D06C9C4825F7B01300354820 /* ItslearningFileProvider.entitlements */,
				DA75743A270DC009002CADAF /* FileProviderCourseItem.swift */,
				DA75743C270DC01A002CADAF /* FileProviderResourceItem.swift */,
				DA0266B72715F3B2004DF9DB /* Fileprovider.xcassets */,
			);
			path = ItslearningFileProvider;
			sourceTree = "<group>";
		};
		DA5A9B9426FFA84300B25514 /* Types */ = {
			isa = PBXGroup;
			children = (
				DA5A9B9526FFA84F00B25514 /* PersonCourse.swift */,
				DA5A9B9726FFA9B000B25514 /* CourseResource.swift */,
				DA5A9B9926FFAA3700B25514 /* ElementType.swift */,
				DABBCF652707ADE2005E9DDA /* EntityListOfPersonCourse.swift */,
				DABBCF672707AEC1005E9DDA /* CourseFolderDetails.swift */,
				DA0266AC2715A2FC004DF9DB /* SSOResponse.swift */,
			);
			path = Types;
			sourceTree = "<group>";
		};
		DA6B03CF26E962C400B46E1D /* Frameworks */ = {
			isa = PBXGroup;
			children = (
				DA7D154E271F875000947AB5 /* AppKit.framework */,
			);
			name = Frameworks;
			sourceTree = "<group>";
		};
		DA6B03DA26EBF91D00B46E1D /* ItslearningAPI */ = {
			isa = PBXGroup;
			children = (
				DA5A9B9426FFA84300B25514 /* Types */,
				DAE1BC9626F10A8D00DE8470 /* OAuth2 */,
				DAAB787727488CCE00E7997C /* ItemID.swift */,
				DA6B03EB26EBF97800B46E1D /* Defaults.swift */,
				DA6B03EA26EBF97800B46E1D /* ItslearningAPI.swift */,
				DA6B03DB26EBF91D00B46E1D /* ItslearningAPI.h */,
				DA6B03DC26EBF91D00B46E1D /* Info.plist */,
				DAAB787B274A888B00E7997C /* Errors.swift */,
				DAF98B94278E50520071DA53 /* Logging.swift */,
				DA47B054278F137D00C720D3 /* NetworkLogger.swift */,
			);
			path = ItslearningAPI;
			sourceTree = "<group>";
		};
		DA7D1549271F7C3500947AB5 /* Models */ = {
			isa = PBXGroup;
			children = (
				DA7D154A271F7C4300947AB5 /* FileProviderComm.swift */,
				DA7D154C271F7C6D00947AB5 /* FullScreenModel.swift */,
				DA47B04F278E67CF00C720D3 /* LoggerModel.swift */,
			);
			path = Models;
			sourceTree = "<group>";
		};
		DAE1BC9626F10A8D00DE8470 /* OAuth2 */ = {
			isa = PBXGroup;
			children = (
				DAC6507526EF8E160029E2B1 /* OAuth2RetryHandler.swift */,
				DAE1BC9B26F10DDC00DE8470 /* AuthToken.swift */,
				DAE1BC9726F10ACF00DE8470 /* AuthHandler.swift */,
				DA0266B02715A4FE004DF9DB /* AuthHandler+REST.swift */,
			);
			path = OAuth2;
			sourceTree = "<group>";
		};
		DAF1B8BE26F29320007BCDE2 /* Screens */ = {
			isa = PBXGroup;
			children = (
				DA7D1547271F7BCA00947AB5 /* Main.swift */,
				DAF1B8BF26F29333007BCDE2 /* Home.swift */,
				DAF1B8C126F29389007BCDE2 /* Controls.swift */,
				DA47B04D278E678900C720D3 /* Console.swift */,
				DAF1B8C326F293CE007BCDE2 /* Settings.swift */,
				DA6EFDC126F3F4FB00AEFCFA /* Login.swift */,
			);
			path = Screens;
			sourceTree = "<group>";
		};
/* End PBXGroup section */

/* Begin PBXNativeTarget section */
		D06C9C2725F7AFD200354820 /* Itslearning */ = {
			isa = PBXNativeTarget;
			buildConfigurationList = D06C9C3825F7AFD400354820 /* Build configuration list for PBXNativeTarget "Itslearning" */;
			buildPhases = (
				D06C9C2425F7AFD200354820 /* Sources */,
				D06C9C2525F7AFD200354820 /* Frameworks */,
				D06C9C2625F7AFD200354820 /* Resources */,
				D06C9C4F25F7B01300354820 /* Embed App Extensions */,
				DA6B03E226EBF91D00B46E1D /* Embed Frameworks */,
			);
			buildRules = (
			);
			dependencies = (
				D06C9C4A25F7B01300354820 /* PBXTargetDependency */,
			);
			name = Itslearning;
			packageProductDependencies = (
				DA6B03F926EC1EB500B46E1D /* Alamofire */,
				DAE1BC9026F1093600DE8470 /* OAuth2 */,
				DA47B0572790E00F00C720D3 /* SwiftSoup */,
			);
			productName = SomeProduct;
			productReference = D06C9C2825F7AFD200354820 /* Itslearning.app */;
			productType = "com.apple.product-type.application";
		};
		D06C9C3E25F7B01300354820 /* ItslearningFileProvider */ = {
			isa = PBXNativeTarget;
			buildConfigurationList = D06C9C4C25F7B01300354820 /* Build configuration list for PBXNativeTarget "ItslearningFileProvider" */;
			buildPhases = (
				D06C9C3B25F7B01300354820 /* Sources */,
				D06C9C3C25F7B01300354820 /* Frameworks */,
				D06C9C3D25F7B01300354820 /* Resources */,
				DA6B03F226EBF99100B46E1D /* Embed Frameworks */,
			);
			buildRules = (
			);
			dependencies = (
			);
			name = ItslearningFileProvider;
			packageProductDependencies = (
				DAC6507B26EF9AAE0029E2B1 /* Alamofire */,
				DAE1BC9226F1094200DE8470 /* OAuth2 */,
				DA47B0592790E01500C720D3 /* SwiftSoup */,
			);
			productName = SomeProvider;
			productReference = D06C9C3F25F7B01300354820 /* ItslearningFileProvider.appex */;
			productType = "com.apple.product-type.app-extension";
		};
/* End PBXNativeTarget section */

/* Begin PBXProject section */
		D06C9C2025F7AFD200354820 /* Project object */ = {
			isa = PBXProject;
			attributes = {
				LastSwiftUpdateCheck = 1310;
				LastUpgradeCheck = 1310;
				TargetAttributes = {
					D06C9C2725F7AFD200354820 = {
						CreatedOnToolsVersion = 12.5;
					};
					D06C9C3E25F7B01300354820 = {
						CreatedOnToolsVersion = 12.5;
					};
				};
			};
			buildConfigurationList = D06C9C2325F7AFD200354820 /* Build configuration list for PBXProject "Itslearning" */;
			compatibilityVersion = "Xcode 9.3";
			developmentRegion = en;
			hasScannedForEncodings = 0;
			knownRegions = (
				en,
				Base,
			);
			mainGroup = D06C9C1F25F7AFD200354820;
			packageReferences = (
				DA6B03F826EC1EB500B46E1D /* XCRemoteSwiftPackageReference "Alamofire" */,
				DAE1BC8F26F1093600DE8470 /* XCRemoteSwiftPackageReference "OAuth2" */,
				DAA76B92272608DA008DEE7E /* XCRemoteSwiftPackageReference "SwiftSoup" */,
			);
			productRefGroup = D06C9C2925F7AFD200354820 /* Products */;
			projectDirPath = "";
			projectRoot = "";
			targets = (
				D06C9C2725F7AFD200354820 /* Itslearning */,
				D06C9C3E25F7B01300354820 /* ItslearningFileProvider */,
			);
		};
/* End PBXProject section */

/* Begin PBXResourcesBuildPhase section */
		D06C9C2625F7AFD200354820 /* Resources */ = {
			isa = PBXResourcesBuildPhase;
			buildActionMask = 2147483647;
			files = (
				DA5455D7271F9BFE00A40CE0 /* Main.storyboard in Resources */,
				DA5455D4271F9BBA00A40CE0 /* Assets.xcassets in Resources */,
			);
			runOnlyForDeploymentPostprocessing = 0;
		};
		D06C9C3D25F7B01300354820 /* Resources */ = {
			isa = PBXResourcesBuildPhase;
			buildActionMask = 2147483647;
			files = (
				DA0266B82715F3B2004DF9DB /* Fileprovider.xcassets in Resources */,
			);
			runOnlyForDeploymentPostprocessing = 0;
		};
/* End PBXResourcesBuildPhase section */

/* Begin PBXSourcesBuildPhase section */
		D06C9C2425F7AFD200354820 /* Sources */ = {
			isa = PBXSourcesBuildPhase;
			buildActionMask = 2147483647;
			files = (
				DA6B03F426EC133100B46E1D /* Defaults.swift in Sources */,
				DA3674D6270B00FC003F39E6 /* ItslearningAPI.swift in Sources */,
				DA6EFDC226F3F4FB00AEFCFA /* Login.swift in Sources */,
				DA7D154B271F7C4300947AB5 /* FileProviderComm.swift in Sources */,
				DA0266B12715A4FE004DF9DB /* AuthHandler+REST.swift in Sources */,
				DAE1BC9A26F10AF100DE8470 /* AuthHandler.swift in Sources */,
				DAC6507626EF8E160029E2B1 /* OAuth2RetryHandler.swift in Sources */,
				DAF98B97278E525D0071DA53 /* Logging.swift in Sources */,
				DAE1BC9C26F10DDC00DE8470 /* AuthToken.swift in Sources */,
				DAF1B8C226F29389007BCDE2 /* Controls.swift in Sources */,
				DA7D154D271F7C6D00947AB5 /* FullScreenModel.swift in Sources */,
				DA47B04E278E678900C720D3 /* Console.swift in Sources */,
				DABBCF6B2707B16C005E9DDA /* ElementType.swift in Sources */,
				DA47B050278E67CF00C720D3 /* LoggerModel.swift in Sources */,
				DABBCF6E2707B16C005E9DDA /* PersonCourse.swift in Sources */,
				DA47B055278F137D00C720D3 /* NetworkLogger.swift in Sources */,
				DAF1B8C426F293CE007BCDE2 /* Settings.swift in Sources */,
				DA7D1548271F7BCA00947AB5 /* Main.swift in Sources */,
				DA6B03BE26E957C400B46E1D /* ContentView.swift in Sources */,
				DAF1B8C026F29333007BCDE2 /* Home.swift in Sources */,
				DABBCF6F2707B16C005E9DDA /* CourseResource.swift in Sources */,
				DABBCF6D2707B16C005E9DDA /* CourseFolderDetails.swift in Sources */,
				DAAB787E274A889B00E7997C /* Errors.swift in Sources */,
				DAF38E592728BD8E00192923 /* AppDelegate.swift in Sources */,
				DAAB787927488CD600E7997C /* ItemID.swift in Sources */,
				DABBCF702707B16C005E9DDA /* EntityListOfPersonCourse.swift in Sources */,
				DA0266AF2715A2FF004DF9DB /* SSOResponse.swift in Sources */,
			);
			runOnlyForDeploymentPostprocessing = 0;
		};
		D06C9C3B25F7B01300354820 /* Sources */ = {
			isa = PBXSourcesBuildPhase;
			buildActionMask = 2147483647;
			files = (
				DA47B056278F137D00C720D3 /* NetworkLogger.swift in Sources */,
				DABBCF712707B804005E9DDA /* ElementType.swift in Sources */,
				DA3674D7270B00FC003F39E6 /* ItslearningAPI.swift in Sources */,
				DABBCF762707B804005E9DDA /* PersonCourse.swift in Sources */,
				DA0266B22715A4FE004DF9DB /* AuthHandler+REST.swift in Sources */,
				D06C9C4225F7B01300354820 /* FileProviderExtension.swift in Sources */,
				DA0266AE2715A2FF004DF9DB /* SSOResponse.swift in Sources */,
				DA75743D270DC01A002CADAF /* FileProviderResourceItem.swift in Sources */,
				DAAB787D274A889B00E7997C /* Errors.swift in Sources */,
				DA6B03F326EC133000B46E1D /* Defaults.swift in Sources */,
				DABBCF752707B804005E9DDA /* CourseResource.swift in Sources */,
				DABBCF732707B804005E9DDA /* EntityListOfPersonCourse.swift in Sources */,
				DAF98B96278E525C0071DA53 /* Logging.swift in Sources */,
				DAE1BC9E26F114E200DE8470 /* OAuth2RetryHandler.swift in Sources */,
				DA75743B270DC009002CADAF /* FileProviderCourseItem.swift in Sources */,
				DAE1BC9926F10AF100DE8470 /* AuthHandler.swift in Sources */,
				DAAB787A27488CD600E7997C /* ItemID.swift in Sources */,
				D06C9C4425F7B01300354820 /* FileProviderItem.swift in Sources */,
				DABBCF722707B804005E9DDA /* CourseFolderDetails.swift in Sources */,
				DAE1BC9D26F10DDC00DE8470 /* AuthToken.swift in Sources */,
				D06C9C4625F7B01300354820 /* FileProviderEnumerator.swift in Sources */,
			);
			runOnlyForDeploymentPostprocessing = 0;
		};
/* End PBXSourcesBuildPhase section */

/* Begin PBXTargetDependency section */
		D06C9C4A25F7B01300354820 /* PBXTargetDependency */ = {
			isa = PBXTargetDependency;
			target = D06C9C3E25F7B01300354820 /* ItslearningFileProvider */;
			targetProxy = D06C9C4925F7B01300354820 /* PBXContainerItemProxy */;
		};
/* End PBXTargetDependency section */

/* Begin PBXVariantGroup section */
		D06C9C3125F7AFD400354820 /* Main.storyboard */ = {
			isa = PBXVariantGroup;
			children = (
				D06C9C3225F7AFD400354820 /* Base */,
			);
			name = Main.storyboard;
			sourceTree = "<group>";
		};
/* End PBXVariantGroup section */

/* Begin XCBuildConfiguration section */
		D06C9C3625F7AFD400354820 /* Debug */ = {
			isa = XCBuildConfiguration;
			buildSettings = {
				ALWAYS_SEARCH_USER_PATHS = NO;
				CLANG_ANALYZER_NONNULL = YES;
				CLANG_ANALYZER_NUMBER_OBJECT_CONVERSION = YES_AGGRESSIVE;
				CLANG_CXX_LANGUAGE_STANDARD = "gnu++14";
				CLANG_CXX_LIBRARY = "libc++";
				CLANG_ENABLE_MODULES = YES;
				CLANG_ENABLE_OBJC_ARC = YES;
				CLANG_ENABLE_OBJC_WEAK = YES;
				CLANG_WARN_BLOCK_CAPTURE_AUTORELEASING = YES;
				CLANG_WARN_BOOL_CONVERSION = YES;
				CLANG_WARN_COMMA = YES;
				CLANG_WARN_CONSTANT_CONVERSION = YES;
				CLANG_WARN_DEPRECATED_OBJC_IMPLEMENTATIONS = YES;
				CLANG_WARN_DIRECT_OBJC_ISA_USAGE = YES_ERROR;
				CLANG_WARN_DOCUMENTATION_COMMENTS = YES;
				CLANG_WARN_EMPTY_BODY = YES;
				CLANG_WARN_ENUM_CONVERSION = YES;
				CLANG_WARN_INFINITE_RECURSION = YES;
				CLANG_WARN_INT_CONVERSION = YES;
				CLANG_WARN_NON_LITERAL_NULL_CONVERSION = YES;
				CLANG_WARN_OBJC_IMPLICIT_RETAIN_SELF = YES;
				CLANG_WARN_OBJC_LITERAL_CONVERSION = YES;
				CLANG_WARN_OBJC_ROOT_CLASS = YES_ERROR;
				CLANG_WARN_QUOTED_INCLUDE_IN_FRAMEWORK_HEADER = YES;
				CLANG_WARN_RANGE_LOOP_ANALYSIS = YES;
				CLANG_WARN_STRICT_PROTOTYPES = YES;
				CLANG_WARN_SUSPICIOUS_MOVE = YES;
				CLANG_WARN_UNGUARDED_AVAILABILITY = YES_AGGRESSIVE;
				CLANG_WARN_UNREACHABLE_CODE = YES;
				CLANG_WARN__DUPLICATE_METHOD_MATCH = YES;
				COPY_PHASE_STRIP = NO;
				DEBUG_INFORMATION_FORMAT = dwarf;
				EMBED_ASSET_PACKS_IN_PRODUCT_BUNDLE = NO;
				ENABLE_STRICT_OBJC_MSGSEND = YES;
				ENABLE_TESTABILITY = YES;
				GCC_C_LANGUAGE_STANDARD = gnu11;
				GCC_DYNAMIC_NO_PIC = NO;
				GCC_NO_COMMON_BLOCKS = YES;
				GCC_OPTIMIZATION_LEVEL = 0;
				GCC_PREPROCESSOR_DEFINITIONS = (
					"DEBUG=1",
					"$(inherited)",
				);
				GCC_WARN_64_TO_32_BIT_CONVERSION = YES;
				GCC_WARN_ABOUT_RETURN_TYPE = YES_ERROR;
				GCC_WARN_UNDECLARED_SELECTOR = YES;
				GCC_WARN_UNINITIALIZED_AUTOS = YES_AGGRESSIVE;
				GCC_WARN_UNUSED_FUNCTION = YES;
				GCC_WARN_UNUSED_VARIABLE = YES;
				MACOSX_DEPLOYMENT_TARGET = 11.3;
				MTL_ENABLE_DEBUG_INFO = INCLUDE_SOURCE;
				MTL_FAST_MATH = YES;
				ONLY_ACTIVE_ARCH = YES;
				SDKROOT = macosx;
				SWIFT_ACTIVE_COMPILATION_CONDITIONS = DEBUG;
				SWIFT_OPTIMIZATION_LEVEL = "-Onone";
			};
			name = Debug;
		};
		D06C9C3725F7AFD400354820 /* Release */ = {
			isa = XCBuildConfiguration;
			buildSettings = {
				ALWAYS_SEARCH_USER_PATHS = NO;
				CLANG_ANALYZER_NONNULL = YES;
				CLANG_ANALYZER_NUMBER_OBJECT_CONVERSION = YES_AGGRESSIVE;
				CLANG_CXX_LANGUAGE_STANDARD = "gnu++14";
				CLANG_CXX_LIBRARY = "libc++";
				CLANG_ENABLE_MODULES = YES;
				CLANG_ENABLE_OBJC_ARC = YES;
				CLANG_ENABLE_OBJC_WEAK = YES;
				CLANG_WARN_BLOCK_CAPTURE_AUTORELEASING = YES;
				CLANG_WARN_BOOL_CONVERSION = YES;
				CLANG_WARN_COMMA = YES;
				CLANG_WARN_CONSTANT_CONVERSION = YES;
				CLANG_WARN_DEPRECATED_OBJC_IMPLEMENTATIONS = YES;
				CLANG_WARN_DIRECT_OBJC_ISA_USAGE = YES_ERROR;
				CLANG_WARN_DOCUMENTATION_COMMENTS = YES;
				CLANG_WARN_EMPTY_BODY = YES;
				CLANG_WARN_ENUM_CONVERSION = YES;
				CLANG_WARN_INFINITE_RECURSION = YES;
				CLANG_WARN_INT_CONVERSION = YES;
				CLANG_WARN_NON_LITERAL_NULL_CONVERSION = YES;
				CLANG_WARN_OBJC_IMPLICIT_RETAIN_SELF = YES;
				CLANG_WARN_OBJC_LITERAL_CONVERSION = YES;
				CLANG_WARN_OBJC_ROOT_CLASS = YES_ERROR;
				CLANG_WARN_QUOTED_INCLUDE_IN_FRAMEWORK_HEADER = YES;
				CLANG_WARN_RANGE_LOOP_ANALYSIS = YES;
				CLANG_WARN_STRICT_PROTOTYPES = YES;
				CLANG_WARN_SUSPICIOUS_MOVE = YES;
				CLANG_WARN_UNGUARDED_AVAILABILITY = YES_AGGRESSIVE;
				CLANG_WARN_UNREACHABLE_CODE = YES;
				CLANG_WARN__DUPLICATE_METHOD_MATCH = YES;
				COPY_PHASE_STRIP = NO;
				DEBUG_INFORMATION_FORMAT = "dwarf-with-dsym";
				EMBED_ASSET_PACKS_IN_PRODUCT_BUNDLE = NO;
				ENABLE_NS_ASSERTIONS = NO;
				ENABLE_STRICT_OBJC_MSGSEND = YES;
				GCC_C_LANGUAGE_STANDARD = gnu11;
				GCC_NO_COMMON_BLOCKS = YES;
				GCC_WARN_64_TO_32_BIT_CONVERSION = YES;
				GCC_WARN_ABOUT_RETURN_TYPE = YES_ERROR;
				GCC_WARN_UNDECLARED_SELECTOR = YES;
				GCC_WARN_UNINITIALIZED_AUTOS = YES_AGGRESSIVE;
				GCC_WARN_UNUSED_FUNCTION = YES;
				GCC_WARN_UNUSED_VARIABLE = YES;
				MACOSX_DEPLOYMENT_TARGET = 11.3;
				MTL_ENABLE_DEBUG_INFO = NO;
				MTL_FAST_MATH = YES;
				SDKROOT = macosx;
				SWIFT_COMPILATION_MODE = wholemodule;
				SWIFT_OPTIMIZATION_LEVEL = "-O";
			};
			name = Release;
		};
		D06C9C3925F7AFD400354820 /* Debug */ = {
			isa = XCBuildConfiguration;
			buildSettings = {
				ALWAYS_EMBED_SWIFT_STANDARD_LIBRARIES = NO;
				ASSETCATALOG_COMPILER_APPICON_NAME = AppIcon;
				ASSETCATALOG_COMPILER_GLOBAL_ACCENT_COLOR_NAME = AccentColor;
				CODE_SIGN_ENTITLEMENTS = Itslearning/Itslearning.entitlements;
				CODE_SIGN_IDENTITY = "Apple Development";
				CODE_SIGN_STYLE = Automatic;
				COMBINE_HIDPI_IMAGES = YES;
				DEVELOPMENT_TEAM = ZF8FHQ365P;
				ENABLE_HARDENED_RUNTIME = YES;
				INFOPLIST_FILE = Itslearning/Info.plist;
				LD_RUNPATH_SEARCH_PATHS = (
					"$(inherited)",
					"@executable_path/../Frameworks",
				);
				MACOSX_DEPLOYMENT_TARGET = 11.3;
				PRODUCT_BUNDLE_IDENTIFIER = sdu.magre21.itslearningapp;
				PRODUCT_NAME = "$(TARGET_NAME)";
				PROVISIONING_PROFILE_SPECIFIER = "";
				SWIFT_VERSION = 5.0;
			};
			name = Debug;
		};
		D06C9C3A25F7AFD400354820 /* Release */ = {
			isa = XCBuildConfiguration;
			buildSettings = {
				ALWAYS_EMBED_SWIFT_STANDARD_LIBRARIES = NO;
				ASSETCATALOG_COMPILER_APPICON_NAME = AppIcon;
				ASSETCATALOG_COMPILER_GLOBAL_ACCENT_COLOR_NAME = AccentColor;
				CODE_SIGN_ENTITLEMENTS = Itslearning/Itslearning.entitlements;
				CODE_SIGN_IDENTITY = "Apple Development";
				CODE_SIGN_STYLE = Automatic;
				COMBINE_HIDPI_IMAGES = YES;
				DEVELOPMENT_TEAM = ZF8FHQ365P;
				ENABLE_HARDENED_RUNTIME = YES;
				INFOPLIST_FILE = Itslearning/Info.plist;
				LD_RUNPATH_SEARCH_PATHS = (
					"$(inherited)",
					"@executable_path/../Frameworks",
				);
				MACOSX_DEPLOYMENT_TARGET = 11.3;
				PRODUCT_BUNDLE_IDENTIFIER = sdu.magre21.itslearningapp;
				PRODUCT_NAME = "$(TARGET_NAME)";
				PROVISIONING_PROFILE_SPECIFIER = "";
				SWIFT_VERSION = 5.0;
			};
			name = Release;
		};
		D06C9C4D25F7B01300354820 /* Debug */ = {
			isa = XCBuildConfiguration;
			buildSettings = {
				ASSETCATALOG_COMPILER_APPICON_NAME = FileProviderIcon;
				CODE_SIGN_ENTITLEMENTS = ItslearningFileProvider/ItslearningFileProvider.entitlements;
				CODE_SIGN_IDENTITY = "Apple Development";
				CODE_SIGN_STYLE = Automatic;
				DEVELOPMENT_TEAM = ZF8FHQ365P;
				ENABLE_HARDENED_RUNTIME = YES;
				INFOPLIST_FILE = ItslearningFileProvider/Info.plist;
				LD_RUNPATH_SEARCH_PATHS = (
					"$(inherited)",
					"@executable_path/../Frameworks",
					"@executable_path/../../../../Frameworks",
				);
				MACOSX_DEPLOYMENT_TARGET = 11.3;
				PRODUCT_BUNDLE_IDENTIFIER = sdu.magre21.itslearningapp.itslearningfp;
				PRODUCT_NAME = "$(TARGET_NAME)";
				PROVISIONING_PROFILE_SPECIFIER = "";
				SKIP_INSTALL = YES;
				SWIFT_VERSION = 5.0;
			};
			name = Debug;
		};
		D06C9C4E25F7B01300354820 /* Release */ = {
			isa = XCBuildConfiguration;
			buildSettings = {
				ASSETCATALOG_COMPILER_APPICON_NAME = FileProviderIcon;
				CODE_SIGN_ENTITLEMENTS = ItslearningFileProvider/ItslearningFileProvider.entitlements;
				CODE_SIGN_IDENTITY = "Apple Development";
				CODE_SIGN_STYLE = Automatic;
				DEBUG_INFORMATION_FORMAT = dwarf;
				DEVELOPMENT_TEAM = ZF8FHQ365P;
				ENABLE_HARDENED_RUNTIME = YES;
				INFOPLIST_FILE = ItslearningFileProvider/Info.plist;
				LD_RUNPATH_SEARCH_PATHS = (
					"$(inherited)",
					"@executable_path/../Frameworks",
					"@executable_path/../../../../Frameworks",
				);
				MACOSX_DEPLOYMENT_TARGET = 11.3;
				PRODUCT_BUNDLE_IDENTIFIER = sdu.magre21.itslearningapp.itslearningfp;
				PRODUCT_NAME = "$(TARGET_NAME)";
				PROVISIONING_PROFILE_SPECIFIER = "";
				SKIP_INSTALL = YES;
				SWIFT_VERSION = 5.0;
			};
			name = Release;
		};
/* End XCBuildConfiguration section */

/* Begin XCConfigurationList section */
		D06C9C2325F7AFD200354820 /* Build configuration list for PBXProject "Itslearning" */ = {
			isa = XCConfigurationList;
			buildConfigurations = (
				D06C9C3625F7AFD400354820 /* Debug */,
				D06C9C3725F7AFD400354820 /* Release */,
			);
			defaultConfigurationIsVisible = 0;
			defaultConfigurationName = Release;
		};
		D06C9C3825F7AFD400354820 /* Build configuration list for PBXNativeTarget "Itslearning" */ = {
			isa = XCConfigurationList;
			buildConfigurations = (
				D06C9C3925F7AFD400354820 /* Debug */,
				D06C9C3A25F7AFD400354820 /* Release */,
			);
			defaultConfigurationIsVisible = 0;
			defaultConfigurationName = Release;
		};
		D06C9C4C25F7B01300354820 /* Build configuration list for PBXNativeTarget "ItslearningFileProvider" */ = {
			isa = XCConfigurationList;
			buildConfigurations = (
				D06C9C4D25F7B01300354820 /* Debug */,
				D06C9C4E25F7B01300354820 /* Release */,
			);
			defaultConfigurationIsVisible = 0;
			defaultConfigurationName = Release;
		};
/* End XCConfigurationList section */

/* Begin XCRemoteSwiftPackageReference section */
		DA6B03F826EC1EB500B46E1D /* XCRemoteSwiftPackageReference "Alamofire" */ = {
			isa = XCRemoteSwiftPackageReference;
			repositoryURL = "https://github.com/Alamofire/Alamofire.git";
			requirement = {
				kind = upToNextMajorVersion;
				minimumVersion = 5.4.3;
			};
		};
		DAA76B92272608DA008DEE7E /* XCRemoteSwiftPackageReference "SwiftSoup" */ = {
			isa = XCRemoteSwiftPackageReference;
			repositoryURL = "https://github.com/scinfu/SwiftSoup.git";
			requirement = {
				kind = upToNextMajorVersion;
				minimumVersion = 2.3.3;
			};
		};
		DAE1BC8F26F1093600DE8470 /* XCRemoteSwiftPackageReference "OAuth2" */ = {
			isa = XCRemoteSwiftPackageReference;
			repositoryURL = "https://github.com/p2/OAuth2.git";
			requirement = {
				kind = upToNextMajorVersion;
				minimumVersion = 5.3.2;
			};
		};
/* End XCRemoteSwiftPackageReference section */

/* Begin XCSwiftPackageProductDependency section */
		DA47B0572790E00F00C720D3 /* SwiftSoup */ = {
			isa = XCSwiftPackageProductDependency;
			package = DAA76B92272608DA008DEE7E /* XCRemoteSwiftPackageReference "SwiftSoup" */;
			productName = SwiftSoup;
		};
		DA47B0592790E01500C720D3 /* SwiftSoup */ = {
			isa = XCSwiftPackageProductDependency;
			package = DAA76B92272608DA008DEE7E /* XCRemoteSwiftPackageReference "SwiftSoup" */;
			productName = SwiftSoup;
		};
		DA6B03F926EC1EB500B46E1D /* Alamofire */ = {
			isa = XCSwiftPackageProductDependency;
			package = DA6B03F826EC1EB500B46E1D /* XCRemoteSwiftPackageReference "Alamofire" */;
			productName = Alamofire;
		};
		DAC6507B26EF9AAE0029E2B1 /* Alamofire */ = {
			isa = XCSwiftPackageProductDependency;
			package = DA6B03F826EC1EB500B46E1D /* XCRemoteSwiftPackageReference "Alamofire" */;
			productName = Alamofire;
		};
		DAE1BC9026F1093600DE8470 /* OAuth2 */ = {
			isa = XCSwiftPackageProductDependency;
			package = DAE1BC8F26F1093600DE8470 /* XCRemoteSwiftPackageReference "OAuth2" */;
			productName = OAuth2;
		};
		DAE1BC9226F1094200DE8470 /* OAuth2 */ = {
			isa = XCSwiftPackageProductDependency;
			package = DAE1BC8F26F1093600DE8470 /* XCRemoteSwiftPackageReference "OAuth2" */;
			productName = OAuth2;
		};
/* End XCSwiftPackageProductDependency section */
	};
	rootObject = D06C9C2025F7AFD200354820 /* Project object */;
}
